
Microsoft Visual Studio Solution File, Format Version 12.00
# Visual Studio Version 17
VisualStudioVersion = 17.10.35013.160
MinimumVisualStudioVersion = 10.0.40219.1
Project("{9A19103F-16F7-4668-BE54-9A1E7A4F7556}") = "trails-chroma", "src\trails-chroma.csproj", "{CBB9CEB5-B253-4ADF-98E5-34E5CE1D403F}"
EndProject
Project("{9A19103F-16F7-4668-BE54-9A1E7A4F7556}") = "ClientprefsApi", "ClientprefsApi\ClientprefsApi.csproj", "{985200BF-99AE-4B8C-9E0D-63DE9E7116C9}"
EndProject
Global
	GlobalSection(SolutionConfigurationPlatforms) = preSolution
		Debug|Any CPU = Debug|Any CPU
		Release|Any CPU = Release|Any CPU
	EndGlobalSection
	GlobalSection(ProjectConfigurationPlatforms) = postSolution
		{CBB9CEB5-B253-4ADF-98E5-34E5CE1D403F}.Debug|Any CPU.ActiveCfg = Debug|Any CPU
		{CBB9CEB5-B253-4ADF-98E5-34E5CE1D403F}.Debug|Any CPU.Build.0 = Debug|Any CPU
		{CBB9CEB5-B253-4ADF-98E5-34E5CE1D403F}.Release|Any CPU.ActiveCfg = Release|Any CPU
		{CBB9CEB5-B253-4ADF-98E5-34E5CE1D403F}.Release|Any CPU.Build.0 = Release|Any CPU
		{985200BF-99AE-4B8C-9E0D-63DE9E7116C9}.Debug|Any CPU.ActiveCfg = Debug|Any CPU
		{985200BF-99AE-4B8C-9E0D-63DE9E7116C9}.Debug|Any CPU.Build.0 = Debug|Any CPU
		{985200BF-99AE-4B8C-9E0D-63DE9E7116C9}.Release|Any CPU.ActiveCfg = Release|Any CPU
		{985200BF-99AE-4B8C-9E0D-63DE9E7116C9}.Release|Any CPU.Build.0 = Release|Any CPU
	EndGlobalSection
	GlobalSection(SolutionProperties) = preSolution
		HideSolutionNode = FALSE
	EndGlobalSection
	GlobalSection(ExtensibilityGlobals) = postSolution
		SolutionGuid = {A9FC1EA6-0A7A-4B04-B5A3-0FB63C74290A}
	EndGlobalSection
EndGlobal
